PODS:
  - SmartDeviceLink (4.6.0-rc.2)

DEPENDENCIES:
  - SmartDeviceLink (from `https://github.com/smartdevicelink/sdl_ios.git`, tag `4.6.0-rc.2`)

EXTERNAL SOURCES:
  SmartDeviceLink:
    :git: https://github.com/smartdevicelink/sdl_ios.git
    :tag: 4.6.0-rc.2

CHECKOUT OPTIONS:
  SmartDeviceLink:
    :git: https://github.com/smartdevicelink/sdl_ios.git
    :tag: 4.6.0-rc.2

SPEC CHECKSUMS:
  SmartDeviceLink: 8311051cf785019ded9a43ccf04dce28dea603c8

PODFILE CHECKSUM: d90c9fe8822e8a70c0423b8014f1383583f32234

COCOAPODS: 1.3.0.beta.2
